
Microsoft Visual Studio Solution File, Format Version 12.00
# Visual Studio 14
VisualStudioVersion = 14.0.25402.0
MinimumVisualStudioVersion = 10.0.40219.1
Project("{2150E333-8FDC-42A3-9474-1A3956D46DE8}") = "Plugins_Libs", "Plugins_Libs", "{CAF6EE95-57C7-4F35-A4B3-F688A44C36B9}"
EndProject
Project("{2150E333-8FDC-42A3-9474-1A3956D46DE8}") = "WelcomePage", "WelcomePage", "{60648980-5642-42FA-AE15-2EAB01A06E49}"
	ProjectSection(SolutionItems) = preProject
		..\WelcomePage\style.css = ..\WelcomePage\style.css
		..\WelcomePage\Welcome.html = ..\WelcomePage\Welcome.html
	EndProjectSection
EndProject
Project("{2150E333-8FDC-42A3-9474-1A3956D46DE8}") = "SampleProjects", "SampleProjects", "{291BC624-547B-4863-8554-BBDB60CD7CCA}"
	ProjectSection(SolutionItems) = preProject
		..\..\..\..\..\Program Files (x86)\AMD\AMD Compress\Projects\BC6H_Compression.cprj = ..\..\..\..\..\Program Files (x86)\AMD\AMD Compress\Projects\BC6H_Compression.cprj
		..\..\..\..\..\Program Files (x86)\AMD\AMD Compress\Projects\BC7_Compression.cprj = ..\..\..\..\..\Program Files (x86)\AMD\AMD Compress\Projects\BC7_Compression.cprj
	EndProjectSection
EndProject
Project("{8BC9CEB8-8B4A-11D0-8D11-00A0C91BC942}") = "ASTC", "..\..\_Plugins\CImage\ASTC\VS2015\ASTC.vcxproj", "{F9834E0C-3037-4AAB-B7A2-2E0265BC0211}"
EndProject
Project("{8BC9CEB8-8B4A-11D0-8D11-00A0C91BC942}") = "DDS", "..\..\_Plugins\CImage\DDS\VS2015\DDS.vcxproj", "{0671333B-4D11-43EE-BBEE-9F96E54DACAE}"
EndProject
Project("{8BC9CEB8-8B4A-11D0-8D11-00A0C91BC942}") = "EXR", "..\..\_Plugins\CImage\EXR\VS2015\EXR.vcxproj", "{E19A9BE7-2E54-4475-B484-03434E03A7DB}"
EndProject
Project("{8BC9CEB8-8B4A-11D0-8D11-00A0C91BC942}") = "KTX", "..\..\_Plugins\CImage\KTX\VS2015\KTX.vcxproj", "{B9809E47-2BA9-44F4-A91D-29D2493509A2}"
EndProject
Project("{8BC9CEB8-8B4A-11D0-8D11-00A0C91BC942}") = "BoxFilter", "..\..\_Plugins\CFilter\VS2015\BoxFilter.vcxproj", "{411CD7F5-D04B-456A-8B30-631170C7445A}"
EndProject
Project("{8BC9CEB8-8B4A-11D0-8D11-00A0C91BC942}") = "MainApp", "MainApp.vcxproj", "{264311A9-B59C-3F7F-AEDA-461868822FE4}"
	ProjectSection(ProjectDependencies) = postProject
		{7C0BBA01-021D-4B42-9070-00FA9B635167} = {7C0BBA01-021D-4B42-9070-00FA9B635167}
		{7A363E0B-9153-4BFF-88D8-E324966D5824} = {7A363E0B-9153-4BFF-88D8-E324966D5824}
		{F9834E0C-3037-4AAB-B7A2-2E0265BC0211} = {F9834E0C-3037-4AAB-B7A2-2E0265BC0211}
		{51581D29-8097-49A6-A692-0C16D56B5D9A} = {51581D29-8097-49A6-A692-0C16D56B5D9A}
		{CD31122A-5A5E-4A18-93EA-418F4F963F4E} = {CD31122A-5A5E-4A18-93EA-418F4F963F4E}
		{313D2435-9D4D-44A0-A205-8BA86E9D7E3A} = {313D2435-9D4D-44A0-A205-8BA86E9D7E3A}
		{0671333B-4D11-43EE-BBEE-9F96E54DACAE} = {0671333B-4D11-43EE-BBEE-9F96E54DACAE}
		{6B59AE3F-DE64-485C-990F-041349971B0F} = {6B59AE3F-DE64-485C-990F-041349971B0F}
		{B9809E47-2BA9-44F4-A91D-29D2493509A2} = {B9809E47-2BA9-44F4-A91D-29D2493509A2}
		{0C50E549-D9BE-4279-910F-038BFCDA094B} = {0C50E549-D9BE-4279-910F-038BFCDA094B}
		{E5615E66-7E8F-46C2-8E26-CC8546915A27} = {E5615E66-7E8F-46C2-8E26-CC8546915A27}
		{DB46606A-4605-4642-900C-6C438A588F3E} = {DB46606A-4605-4642-900C-6C438A588F3E}
		{9EE67DB2-4AD8-4B9A-AE58-2E536412033C} = {9EE67DB2-4AD8-4B9A-AE58-2E536412033C}
		{631200B6-C8F9-4069-A365-C1A43E420157} = {631200B6-C8F9-4069-A365-C1A43E420157}
		{17CCD4C6-5E35-404C-8613-32775F250A92} = {17CCD4C6-5E35-404C-8613-32775F250A92}
		{45206ACC-71FA-4B87-943A-79420F1194C0} = {45206ACC-71FA-4B87-943A-79420F1194C0}
		{E6CBBEE1-7ADC-4C2C-BDC1-E79F3C03509C} = {E6CBBEE1-7ADC-4C2C-BDC1-E79F3C03509C}
		{E19A9BE7-2E54-4475-B484-03434E03A7DB} = {E19A9BE7-2E54-4475-B484-03434E03A7DB}
		{6DFF37E8-F886-4E97-A672-2085F2A548E3} = {6DFF37E8-F886-4E97-A672-2085F2A548E3}
		{B57F9EE8-1325-43B6-909F-9168D40BD203} = {B57F9EE8-1325-43B6-909F-9168D40BD203}
		{1565B9EC-358E-46FF-924D-7BD31D1798CF} = {1565B9EC-358E-46FF-924D-7BD31D1798CF}
		{04B67AED-3877-3F7D-9FDE-B609FDA38419} = {04B67AED-3877-3F7D-9FDE-B609FDA38419}
		{B03FBDF1-2518-444A-B1BD-BF60336393EC} = {B03FBDF1-2518-444A-B1BD-BF60336393EC}
		{411CD7F5-D04B-456A-8B30-631170C7445A} = {411CD7F5-D04B-456A-8B30-631170C7445A}
		{F1F85DF9-BD72-42F3-B11D-C5A29A252414} = {F1F85DF9-BD72-42F3-B11D-C5A29A252414}
	EndProjectSection
EndProject
Project("{8BC9CEB8-8B4A-11D0-8D11-00A0C91BC942}") = "Compressonator", "..\..\..\VS2015\CompressonatorLib.vcxproj", "{9EE67DB2-4AD8-4B9A-AE58-2E536412033C}"
EndProject
Project("{8BC9CEB8-8B4A-11D0-8D11-00A0C91BC942}") = "IMGAnalysis", "..\..\_Plugins\CAnalysis\Analysis\VS2015\CAnalysis.vcxproj", "{51581D29-8097-49A6-A692-0C16D56B5D9A}"
	ProjectSection(ProjectDependencies) = postProject
		{9EE67DB2-4AD8-4B9A-AE58-2E536412033C} = {9EE67DB2-4AD8-4B9A-AE58-2E536412033C}
		{17CCD4C6-5E35-404C-8613-32775F250A92} = {17CCD4C6-5E35-404C-8613-32775F250A92}
	EndProjectSection
EndProject
Project("{8BC9CEB8-8B4A-11D0-8D11-00A0C91BC942}") = "GPU_Decode", "..\..\..\VS2015\GPU_DecodeLib.vcxproj", "{17CCD4C6-5E35-404C-8613-32775F250A92}"
EndProject
Project("{8BC9CEB8-8B4A-11D0-8D11-00A0C91BC942}") = "TGA", "..\..\_Plugins\CImage\TGA\VS2015\TGA.vcxproj", "{B03FBDF1-2518-444A-B1BD-BF60336393EC}"
EndProject
Project("{2150E333-8FDC-42A3-9474-1A3956D46DE8}") = "Image", "Image", "{799F5CDD-D17A-4649-880B-BE1601AF32CC}"
EndProject
Project("{2150E333-8FDC-42A3-9474-1A3956D46DE8}") = "Filter", "Filter", "{A7FAF26E-F238-46BA-B49E-89A2840240D2}"
EndProject
Project("{2150E333-8FDC-42A3-9474-1A3956D46DE8}") = "GPUDecode", "GPUDecode", "{1FD5D654-C4F5-43C3-BA13-F3F5C3A32811}"
EndProject
Project("{2150E333-8FDC-42A3-9474-1A3956D46DE8}") = "Compute", "Compute", "{7BC1CF1C-2D76-418A-BEC5-D5C8C540FEE8}"
EndProject
Project("{8BC9CEB8-8B4A-11D0-8D11-00A0C91BC942}") = "GPUDecode_Vulkan", "..\..\_Plugins\CGPUDecode\Vulkan\VS2015\Vulkan.vcxproj", "{45206ACC-71FA-4B87-943A-79420F1194C0}"
EndProject
Project("{8BC9CEB8-8B4A-11D0-8D11-00A0C91BC942}") = "GPUDecode_DirectX", "..\..\_Plugins\CGPUDecode\DirectX\VS2015\DirectX.vcxproj", "{313D2435-9D4D-44A0-A205-8BA86E9D7E3A}"
EndProject
Project("{8BC9CEB8-8B4A-11D0-8D11-00A0C91BC942}") = "GPUDecode_OpenGL", "..\..\_Plugins\CGPUDecode\OpenGL\VS2015\OpenGL.vcxproj", "{631200B6-C8F9-4069-A365-C1A43E420157}"
	ProjectSection(ProjectDependencies) = postProject
		{9EE67DB2-4AD8-4B9A-AE58-2E536412033C} = {9EE67DB2-4AD8-4B9A-AE58-2E536412033C}
	EndProjectSection
EndProject
Project("{2150E333-8FDC-42A3-9474-1A3956D46DE8}") = "3DModel_Viewers", "3DModel_Viewers", "{F1609A09-D250-4B6F-B10D-BA532832712A}"
EndProject
Project("{2150E333-8FDC-42A3-9474-1A3956D46DE8}") = "Mesh", "Mesh", "{638B5A1F-1CD1-4862-8214-BD1E51ADDFD2}"
EndProject
Project("{8BC9CEB8-8B4A-11D0-8D11-00A0C91BC942}") = "mesh_tootle", "..\..\_Plugins\CMesh\Tootle\VS2015\mesh_tootle.vcxproj", "{E6CBBEE1-7ADC-4C2C-BDC1-E79F3C03509C}"
	ProjectSection(ProjectDependencies) = postProject
		{6B59AE3F-DE64-485C-990F-041349971B0F} = {6B59AE3F-DE64-485C-990F-041349971B0F}
		{9EE67DB2-4AD8-4B9A-AE58-2E536412033C} = {9EE67DB2-4AD8-4B9A-AE58-2E536412033C}
		{17CCD4C6-5E35-404C-8613-32775F250A92} = {17CCD4C6-5E35-404C-8613-32775F250A92}
		{6DFF37E8-F886-4E97-A672-2085F2A548E3} = {6DFF37E8-F886-4E97-A672-2085F2A548E3}
	EndProjectSection
EndProject
Project("{2150E333-8FDC-42A3-9474-1A3956D46DE8}") = "3DModel_Loaders", "3DModel_Loaders", "{13939D90-5EA0-42EC-9D05-EFEECD53AD14}"
EndProject
Project("{8BC9CEB8-8B4A-11D0-8D11-00A0C91BC942}") = "ModelLoader_glTF", "..\..\_Plugins\C3DModel_Loaders\glTF_20\VS2015\glTF_20.vcxproj", "{F1F85DF9-BD72-42F3-B11D-C5A29A252414}"
	ProjectSection(ProjectDependencies) = postProject
		{9EE67DB2-4AD8-4B9A-AE58-2E536412033C} = {9EE67DB2-4AD8-4B9A-AE58-2E536412033C}
	EndProjectSection
EndProject
Project("{8BC9CEB8-8B4A-11D0-8D11-00A0C91BC942}") = "ModelLoader_obj", "..\..\_Plugins\C3DModel_Loaders\obj\VS2015\obj.vcxproj", "{7A363E0B-9153-4BFF-88D8-E324966D5824}"
	ProjectSection(ProjectDependencies) = postProject
		{9EE67DB2-4AD8-4B9A-AE58-2E536412033C} = {9EE67DB2-4AD8-4B9A-AE58-2E536412033C}
		{04B67AED-3877-3F7D-9FDE-B609FDA38419} = {04B67AED-3877-3F7D-9FDE-B609FDA38419}
	EndProjectSection
EndProject
Project("{8BC9CEB8-8B4A-11D0-8D11-00A0C91BC942}") = "CMP_Math", "..\..\..\VS2015\CMP_MathLib.vcxproj", "{6B59AE3F-DE64-485C-990F-041349971B0F}"
EndProject
Project("{8BC9CEB8-8B4A-11D0-8D11-00A0C91BC942}") = "CMP_Mesh", "..\..\..\VS2015\CMP_MeshLib.vcxproj", "{6DFF37E8-F886-4E97-A672-2085F2A548E3}"
EndProject
Project("{8BC9CEB8-8B4A-11D0-8D11-00A0C91BC942}") = "CMP_MeshOptimizer", "..\..\..\VS2015\CMP_MeshOptimizer.vcxproj", "{04B67AED-3877-3F7D-9FDE-B609FDA38419}"
EndProject
Project("{8BC9CEB8-8B4A-11D0-8D11-00A0C91BC942}") = "mesh_optimizer", "..\..\_Plugins\CMesh\mesh_optimizer\VS2015\mesh_optimizer.vcxproj", "{CD31122A-5A5E-4A18-93EA-418F4F963F4E}"
	ProjectSection(ProjectDependencies) = postProject
		{04B67AED-3877-3F7D-9FDE-B609FDA38419} = {04B67AED-3877-3F7D-9FDE-B609FDA38419}
	EndProjectSection
EndProject
Project("{8BC9CEB8-8B4A-11D0-8D11-00A0C91BC942}") = "mesh_compressor", "..\..\_Plugins\CMesh\mesh_compressor\VS2015\mesh_compressor.vcxproj", "{DB46606A-4605-4642-900C-6C438A588F3E}"
	ProjectSection(ProjectDependencies) = postProject
		{7C0BBA01-021D-4B42-9070-00FA9B635167} = {7C0BBA01-021D-4B42-9070-00FA9B635167}
	EndProjectSection
EndProject
Project("{8BC9CEB8-8B4A-11D0-8D11-00A0C91BC942}") = "ModelLoader_drc", "..\..\_Plugins\C3DModel_Loaders\drc\VS2015\drc.vcxproj", "{B57F9EE8-1325-43B6-909F-9168D40BD203}"
	ProjectSection(ProjectDependencies) = postProject
		{7C0BBA01-021D-4B42-9070-00FA9B635167} = {7C0BBA01-021D-4B42-9070-00FA9B635167}
		{9EE67DB2-4AD8-4B9A-AE58-2E536412033C} = {9EE67DB2-4AD8-4B9A-AE58-2E536412033C}
	EndProjectSection
EndProject
Project("{8BC9CEB8-8B4A-11D0-8D11-00A0C91BC942}") = "CMP_MeshCompressor", "..\..\..\VS2015\CMP_MeshCompressor.vcxproj", "{7C0BBA01-021D-4B42-9070-00FA9B635167}"
EndProject
Project("{8BC9CEB8-8B4A-11D0-8D11-00A0C91BC942}") = "ModelViewer_DX12", "..\..\_Plugins\C3DModel_viewers\glTF_DX12_EX\VS2015\glTF_DX12_EX.vcxproj", "{0C50E549-D9BE-4279-910F-038BFCDA094B}"
EndProject
Project("{8BC9CEB8-8B4A-11D0-8D11-00A0C91BC942}") = "ModelViewer_Vulkan", "..\..\_Plugins\C3DModel_viewers\Vulkan\VS2015\viewer_Vulkan.vcxproj", "{E5615E66-7E8F-46C2-8E26-CC8546915A27}"
	ProjectSection(ProjectDependencies) = postProject
		{9EE67DB2-4AD8-4B9A-AE58-2E536412033C} = {9EE67DB2-4AD8-4B9A-AE58-2E536412033C}
	EndProjectSection
EndProject
Project("{8BC9CEB8-8B4A-11D0-8D11-00A0C91BC942}") = "ModelViewer_OpenGL", "..\..\_Plugins\C3DModel_viewers\glTF_OpenGL\VS2015\glTF_OpenGL.vcxproj", "{1565B9EC-358E-46FF-924D-7BD31D1798CF}"
	ProjectSection(ProjectDependencies) = postProject
		{9EE67DB2-4AD8-4B9A-AE58-2E536412033C} = {9EE67DB2-4AD8-4B9A-AE58-2E536412033C}
	EndProjectSection
EndProject
Global
	GlobalSection(SolutionConfigurationPlatforms) = preSolution
		Debug_MD|Win32 = Debug_MD|Win32
		Debug_MD|x64 = Debug_MD|x64
		Debug|Win32 = Debug|Win32
		Debug|x64 = Debug|x64
		Release_MD|Win32 = Release_MD|Win32
		Release_MD|x64 = Release_MD|x64
		Release|Win32 = Release|Win32
		Release|x64 = Release|x64
	EndGlobalSection
	GlobalSection(ProjectConfigurationPlatforms) = postSolution
		{F9834E0C-3037-4AAB-B7A2-2E0265BC0211}.Debug_MD|Win32.ActiveCfg = Debug_MD|Win32
		{F9834E0C-3037-4AAB-B7A2-2E0265BC0211}.Debug_MD|Win32.Build.0 = Debug_MD|Win32
		{F9834E0C-3037-4AAB-B7A2-2E0265BC0211}.Debug_MD|x64.ActiveCfg = Debug_MD|x64
		{F9834E0C-3037-4AAB-B7A2-2E0265BC0211}.Debug_MD|x64.Build.0 = Debug_MD|x64
		{F9834E0C-3037-4AAB-B7A2-2E0265BC0211}.Debug|Win32.ActiveCfg = Debug|Win32
		{F9834E0C-3037-4AAB-B7A2-2E0265BC0211}.Debug|Win32.Build.0 = Debug|Win32
		{F9834E0C-3037-4AAB-B7A2-2E0265BC0211}.Debug|x64.ActiveCfg = Debug|x64
		{F9834E0C-3037-4AAB-B7A2-2E0265BC0211}.Debug|x64.Build.0 = Debug|x64
		{F9834E0C-3037-4AAB-B7A2-2E0265BC0211}.Release_MD|Win32.ActiveCfg = Release_MD|Win32
		{F9834E0C-3037-4AAB-B7A2-2E0265BC0211}.Release_MD|Win32.Build.0 = Release_MD|Win32
		{F9834E0C-3037-4AAB-B7A2-2E0265BC0211}.Release_MD|x64.ActiveCfg = Release_MD|x64
		{F9834E0C-3037-4AAB-B7A2-2E0265BC0211}.Release_MD|x64.Build.0 = Release_MD|x64
		{F9834E0C-3037-4AAB-B7A2-2E0265BC0211}.Release|Win32.ActiveCfg = Release|Win32
		{F9834E0C-3037-4AAB-B7A2-2E0265BC0211}.Release|Win32.Build.0 = Release|Win32
		{F9834E0C-3037-4AAB-B7A2-2E0265BC0211}.Release|x64.ActiveCfg = Release|x64
		{F9834E0C-3037-4AAB-B7A2-2E0265BC0211}.Release|x64.Build.0 = Release|x64
		{0671333B-4D11-43EE-BBEE-9F96E54DACAE}.Debug_MD|Win32.ActiveCfg = Debug_MD|Win32
		{0671333B-4D11-43EE-BBEE-9F96E54DACAE}.Debug_MD|Win32.Build.0 = Debug_MD|Win32
		{0671333B-4D11-43EE-BBEE-9F96E54DACAE}.Debug_MD|x64.ActiveCfg = Debug_MD|x64
		{0671333B-4D11-43EE-BBEE-9F96E54DACAE}.Debug_MD|x64.Build.0 = Debug_MD|x64
		{0671333B-4D11-43EE-BBEE-9F96E54DACAE}.Debug|Win32.ActiveCfg = Debug|Win32
		{0671333B-4D11-43EE-BBEE-9F96E54DACAE}.Debug|Win32.Build.0 = Debug|Win32
		{0671333B-4D11-43EE-BBEE-9F96E54DACAE}.Debug|x64.ActiveCfg = Debug|x64
		{0671333B-4D11-43EE-BBEE-9F96E54DACAE}.Debug|x64.Build.0 = Debug|x64
		{0671333B-4D11-43EE-BBEE-9F96E54DACAE}.Release_MD|Win32.ActiveCfg = Release_MD|Win32
		{0671333B-4D11-43EE-BBEE-9F96E54DACAE}.Release_MD|Win32.Build.0 = Release_MD|Win32
		{0671333B-4D11-43EE-BBEE-9F96E54DACAE}.Release_MD|x64.ActiveCfg = Release_MD|x64
		{0671333B-4D11-43EE-BBEE-9F96E54DACAE}.Release_MD|x64.Build.0 = Release_MD|x64
		{0671333B-4D11-43EE-BBEE-9F96E54DACAE}.Release|Win32.ActiveCfg = Release|Win32
		{0671333B-4D11-43EE-BBEE-9F96E54DACAE}.Release|Win32.Build.0 = Release|Win32
		{0671333B-4D11-43EE-BBEE-9F96E54DACAE}.Release|x64.ActiveCfg = Release|x64
		{0671333B-4D11-43EE-BBEE-9F96E54DACAE}.Release|x64.Build.0 = Release|x64
		{E19A9BE7-2E54-4475-B484-03434E03A7DB}.Debug_MD|Win32.ActiveCfg = Debug_MD|Win32
		{E19A9BE7-2E54-4475-B484-03434E03A7DB}.Debug_MD|Win32.Build.0 = Debug_MD|Win32
		{E19A9BE7-2E54-4475-B484-03434E03A7DB}.Debug_MD|x64.ActiveCfg = Debug_MD|x64
		{E19A9BE7-2E54-4475-B484-03434E03A7DB}.Debug_MD|x64.Build.0 = Debug_MD|x64
		{E19A9BE7-2E54-4475-B484-03434E03A7DB}.Debug|Win32.ActiveCfg = Debug|Win32
		{E19A9BE7-2E54-4475-B484-03434E03A7DB}.Debug|Win32.Build.0 = Debug|Win32
		{E19A9BE7-2E54-4475-B484-03434E03A7DB}.Debug|x64.ActiveCfg = Debug|x64
		{E19A9BE7-2E54-4475-B484-03434E03A7DB}.Debug|x64.Build.0 = Debug|x64
		{E19A9BE7-2E54-4475-B484-03434E03A7DB}.Release_MD|Win32.ActiveCfg = Release_MD|Win32
		{E19A9BE7-2E54-4475-B484-03434E03A7DB}.Release_MD|Win32.Build.0 = Release_MD|Win32
		{E19A9BE7-2E54-4475-B484-03434E03A7DB}.Release_MD|x64.ActiveCfg = Release_MD|x64
		{E19A9BE7-2E54-4475-B484-03434E03A7DB}.Release_MD|x64.Build.0 = Release_MD|x64
		{E19A9BE7-2E54-4475-B484-03434E03A7DB}.Release|Win32.ActiveCfg = Release|Win32
		{E19A9BE7-2E54-4475-B484-03434E03A7DB}.Release|Win32.Build.0 = Release|Win32
		{E19A9BE7-2E54-4475-B484-03434E03A7DB}.Release|x64.ActiveCfg = Release|x64
		{E19A9BE7-2E54-4475-B484-03434E03A7DB}.Release|x64.Build.0 = Release|x64
		{B9809E47-2BA9-44F4-A91D-29D2493509A2}.Debug_MD|Win32.ActiveCfg = Debug_MD|Win32
		{B9809E47-2BA9-44F4-A91D-29D2493509A2}.Debug_MD|Win32.Build.0 = Debug_MD|Win32
		{B9809E47-2BA9-44F4-A91D-29D2493509A2}.Debug_MD|x64.ActiveCfg = Debug_MD|x64
		{B9809E47-2BA9-44F4-A91D-29D2493509A2}.Debug_MD|x64.Build.0 = Debug_MD|x64
		{B9809E47-2BA9-44F4-A91D-29D2493509A2}.Debug|Win32.ActiveCfg = Debug|Win32
		{B9809E47-2BA9-44F4-A91D-29D2493509A2}.Debug|Win32.Build.0 = Debug|Win32
		{B9809E47-2BA9-44F4-A91D-29D2493509A2}.Debug|x64.ActiveCfg = Debug|x64
		{B9809E47-2BA9-44F4-A91D-29D2493509A2}.Debug|x64.Build.0 = Debug|x64
		{B9809E47-2BA9-44F4-A91D-29D2493509A2}.Release_MD|Win32.ActiveCfg = Release_MD|Win32
		{B9809E47-2BA9-44F4-A91D-29D2493509A2}.Release_MD|Win32.Build.0 = Release_MD|Win32
		{B9809E47-2BA9-44F4-A91D-29D2493509A2}.Release_MD|x64.ActiveCfg = Release_MD|x64
		{B9809E47-2BA9-44F4-A91D-29D2493509A2}.Release_MD|x64.Build.0 = Release_MD|x64
		{B9809E47-2BA9-44F4-A91D-29D2493509A2}.Release|Win32.ActiveCfg = Release|Win32
		{B9809E47-2BA9-44F4-A91D-29D2493509A2}.Release|Win32.Build.0 = Release|Win32
		{B9809E47-2BA9-44F4-A91D-29D2493509A2}.Release|x64.ActiveCfg = Release|x64
		{B9809E47-2BA9-44F4-A91D-29D2493509A2}.Release|x64.Build.0 = Release|x64
		{411CD7F5-D04B-456A-8B30-631170C7445A}.Debug_MD|Win32.ActiveCfg = Debug_MD|Win32
		{411CD7F5-D04B-456A-8B30-631170C7445A}.Debug_MD|Win32.Build.0 = Debug_MD|Win32
		{411CD7F5-D04B-456A-8B30-631170C7445A}.Debug_MD|x64.ActiveCfg = Debug_MD|x64
		{411CD7F5-D04B-456A-8B30-631170C7445A}.Debug_MD|x64.Build.0 = Debug_MD|x64
		{411CD7F5-D04B-456A-8B30-631170C7445A}.Debug|Win32.ActiveCfg = Debug|Win32
		{411CD7F5-D04B-456A-8B30-631170C7445A}.Debug|Win32.Build.0 = Debug|Win32
		{411CD7F5-D04B-456A-8B30-631170C7445A}.Debug|x64.ActiveCfg = Debug|x64
		{411CD7F5-D04B-456A-8B30-631170C7445A}.Debug|x64.Build.0 = Debug|x64
		{411CD7F5-D04B-456A-8B30-631170C7445A}.Release_MD|Win32.ActiveCfg = Release_MD|Win32
		{411CD7F5-D04B-456A-8B30-631170C7445A}.Release_MD|Win32.Build.0 = Release_MD|Win32
		{411CD7F5-D04B-456A-8B30-631170C7445A}.Release_MD|x64.ActiveCfg = Release_MD|x64
		{411CD7F5-D04B-456A-8B30-631170C7445A}.Release_MD|x64.Build.0 = Release_MD|x64
		{411CD7F5-D04B-456A-8B30-631170C7445A}.Release|Win32.ActiveCfg = Release|Win32
		{411CD7F5-D04B-456A-8B30-631170C7445A}.Release|Win32.Build.0 = Release|Win32
		{411CD7F5-D04B-456A-8B30-631170C7445A}.Release|x64.ActiveCfg = Release|x64
		{411CD7F5-D04B-456A-8B30-631170C7445A}.Release|x64.Build.0 = Release|x64
		{264311A9-B59C-3F7F-AEDA-461868822FE4}.Debug_MD|Win32.ActiveCfg = Debug_MD|Win32
		{264311A9-B59C-3F7F-AEDA-461868822FE4}.Debug_MD|Win32.Build.0 = Debug_MD|Win32
		{264311A9-B59C-3F7F-AEDA-461868822FE4}.Debug_MD|x64.ActiveCfg = Debug_MD|x64
		{264311A9-B59C-3F7F-AEDA-461868822FE4}.Debug_MD|x64.Build.0 = Debug_MD|x64
		{264311A9-B59C-3F7F-AEDA-461868822FE4}.Debug|Win32.ActiveCfg = Debug_MD|Win32
		{264311A9-B59C-3F7F-AEDA-461868822FE4}.Debug|Win32.Build.0 = Debug_MD|Win32
		{264311A9-B59C-3F7F-AEDA-461868822FE4}.Debug|x64.ActiveCfg = Debug_MD|x64
		{264311A9-B59C-3F7F-AEDA-461868822FE4}.Debug|x64.Build.0 = Debug_MD|x64
		{264311A9-B59C-3F7F-AEDA-461868822FE4}.Release_MD|Win32.ActiveCfg = Release_MD|Win32
		{264311A9-B59C-3F7F-AEDA-461868822FE4}.Release_MD|Win32.Build.0 = Release_MD|Win32
		{264311A9-B59C-3F7F-AEDA-461868822FE4}.Release_MD|x64.ActiveCfg = Release_MD|x64
		{264311A9-B59C-3F7F-AEDA-461868822FE4}.Release_MD|x64.Build.0 = Release_MD|x64
		{264311A9-B59C-3F7F-AEDA-461868822FE4}.Release|Win32.ActiveCfg = Release_MD|Win32
		{264311A9-B59C-3F7F-AEDA-461868822FE4}.Release|Win32.Build.0 = Release_MD|Win32
		{264311A9-B59C-3F7F-AEDA-461868822FE4}.Release|x64.ActiveCfg = Release_MD|x64
		{264311A9-B59C-3F7F-AEDA-461868822FE4}.Release|x64.Build.0 = Release_MD|x64
		{9EE67DB2-4AD8-4B9A-AE58-2E536412033C}.Debug_MD|Win32.ActiveCfg = Debug_MD|Win32
		{9EE67DB2-4AD8-4B9A-AE58-2E536412033C}.Debug_MD|Win32.Build.0 = Debug_MD|Win32
		{9EE67DB2-4AD8-4B9A-AE58-2E536412033C}.Debug_MD|x64.ActiveCfg = Debug_MD|x64
		{9EE67DB2-4AD8-4B9A-AE58-2E536412033C}.Debug_MD|x64.Build.0 = Debug_MD|x64
		{9EE67DB2-4AD8-4B9A-AE58-2E536412033C}.Debug|Win32.ActiveCfg = Debug|Win32
		{9EE67DB2-4AD8-4B9A-AE58-2E536412033C}.Debug|Win32.Build.0 = Debug|Win32
		{9EE67DB2-4AD8-4B9A-AE58-2E536412033C}.Debug|x64.ActiveCfg = Debug|x64
		{9EE67DB2-4AD8-4B9A-AE58-2E536412033C}.Debug|x64.Build.0 = Debug|x64
		{9EE67DB2-4AD8-4B9A-AE58-2E536412033C}.Release_MD|Win32.ActiveCfg = Release_MD|Win32
		{9EE67DB2-4AD8-4B9A-AE58-2E536412033C}.Release_MD|Win32.Build.0 = Release_MD|Win32
		{9EE67DB2-4AD8-4B9A-AE58-2E536412033C}.Release_MD|x64.ActiveCfg = Release_MD|x64
		{9EE67DB2-4AD8-4B9A-AE58-2E536412033C}.Release_MD|x64.Build.0 = Release_MD|x64
		{9EE67DB2-4AD8-4B9A-AE58-2E536412033C}.Release|Win32.ActiveCfg = Release|Win32
		{9EE67DB2-4AD8-4B9A-AE58-2E536412033C}.Release|Win32.Build.0 = Release|Win32
		{9EE67DB2-4AD8-4B9A-AE58-2E536412033C}.Release|x64.ActiveCfg = Release|x64
		{9EE67DB2-4AD8-4B9A-AE58-2E536412033C}.Release|x64.Build.0 = Release|x64
		{51581D29-8097-49A6-A692-0C16D56B5D9A}.Debug_MD|Win32.ActiveCfg = Debug_MD|Win32
		{51581D29-8097-49A6-A692-0C16D56B5D9A}.Debug_MD|Win32.Build.0 = Debug_MD|Win32
		{51581D29-8097-49A6-A692-0C16D56B5D9A}.Debug_MD|x64.ActiveCfg = Debug_MD|x64
		{51581D29-8097-49A6-A692-0C16D56B5D9A}.Debug_MD|x64.Build.0 = Debug_MD|x64
		{51581D29-8097-49A6-A692-0C16D56B5D9A}.Debug|Win32.ActiveCfg = Debug_MD|Win32
		{51581D29-8097-49A6-A692-0C16D56B5D9A}.Debug|Win32.Build.0 = Debug_MD|Win32
		{51581D29-8097-49A6-A692-0C16D56B5D9A}.Debug|x64.ActiveCfg = Debug_MD|x64
		{51581D29-8097-49A6-A692-0C16D56B5D9A}.Debug|x64.Build.0 = Debug_MD|x64
		{51581D29-8097-49A6-A692-0C16D56B5D9A}.Release_MD|Win32.ActiveCfg = Release_MD|Win32
		{51581D29-8097-49A6-A692-0C16D56B5D9A}.Release_MD|Win32.Build.0 = Release_MD|Win32
		{51581D29-8097-49A6-A692-0C16D56B5D9A}.Release_MD|x64.ActiveCfg = Release_MD|x64
		{51581D29-8097-49A6-A692-0C16D56B5D9A}.Release_MD|x64.Build.0 = Release_MD|x64
		{51581D29-8097-49A6-A692-0C16D56B5D9A}.Release|Win32.ActiveCfg = Release_MD|Win32
		{51581D29-8097-49A6-A692-0C16D56B5D9A}.Release|Win32.Build.0 = Release_MD|Win32
		{51581D29-8097-49A6-A692-0C16D56B5D9A}.Release|x64.ActiveCfg = Release_MD|x64
		{51581D29-8097-49A6-A692-0C16D56B5D9A}.Release|x64.Build.0 = Release_MD|x64
		{17CCD4C6-5E35-404C-8613-32775F250A92}.Debug_MD|Win32.ActiveCfg = Debug_MD|Win32
		{17CCD4C6-5E35-404C-8613-32775F250A92}.Debug_MD|Win32.Build.0 = Debug_MD|Win32
		{17CCD4C6-5E35-404C-8613-32775F250A92}.Debug_MD|x64.ActiveCfg = Debug_MD|x64
		{17CCD4C6-5E35-404C-8613-32775F250A92}.Debug_MD|x64.Build.0 = Debug_MD|x64
		{17CCD4C6-5E35-404C-8613-32775F250A92}.Debug|Win32.ActiveCfg = Debug|Win32
		{17CCD4C6-5E35-404C-8613-32775F250A92}.Debug|Win32.Build.0 = Debug|Win32
		{17CCD4C6-5E35-404C-8613-32775F250A92}.Debug|x64.ActiveCfg = Debug|x64
		{17CCD4C6-5E35-404C-8613-32775F250A92}.Debug|x64.Build.0 = Debug|x64
		{17CCD4C6-5E35-404C-8613-32775F250A92}.Release_MD|Win32.ActiveCfg = Release_MD|Win32
		{17CCD4C6-5E35-404C-8613-32775F250A92}.Release_MD|Win32.Build.0 = Release_MD|Win32
		{17CCD4C6-5E35-404C-8613-32775F250A92}.Release_MD|x64.ActiveCfg = Release_MD|x64
		{17CCD4C6-5E35-404C-8613-32775F250A92}.Release_MD|x64.Build.0 = Release_MD|x64
		{17CCD4C6-5E35-404C-8613-32775F250A92}.Release|Win32.ActiveCfg = Release|Win32
		{17CCD4C6-5E35-404C-8613-32775F250A92}.Release|Win32.Build.0 = Release|Win32
		{17CCD4C6-5E35-404C-8613-32775F250A92}.Release|x64.ActiveCfg = Release|x64
		{17CCD4C6-5E35-404C-8613-32775F250A92}.Release|x64.Build.0 = Release|x64
		{B03FBDF1-2518-444A-B1BD-BF60336393EC}.Debug_MD|Win32.ActiveCfg = Debug_MD|Win32
		{B03FBDF1-2518-444A-B1BD-BF60336393EC}.Debug_MD|Win32.Build.0 = Debug_MD|Win32
		{B03FBDF1-2518-444A-B1BD-BF60336393EC}.Debug_MD|x64.ActiveCfg = Debug_MD|x64
		{B03FBDF1-2518-444A-B1BD-BF60336393EC}.Debug_MD|x64.Build.0 = Debug_MD|x64
		{B03FBDF1-2518-444A-B1BD-BF60336393EC}.Debug|Win32.ActiveCfg = Debug|Win32
		{B03FBDF1-2518-444A-B1BD-BF60336393EC}.Debug|Win32.Build.0 = Debug|Win32
		{B03FBDF1-2518-444A-B1BD-BF60336393EC}.Debug|x64.ActiveCfg = Debug|x64
		{B03FBDF1-2518-444A-B1BD-BF60336393EC}.Debug|x64.Build.0 = Debug|x64
		{B03FBDF1-2518-444A-B1BD-BF60336393EC}.Release_MD|Win32.ActiveCfg = Release_MD|Win32
		{B03FBDF1-2518-444A-B1BD-BF60336393EC}.Release_MD|Win32.Build.0 = Release_MD|Win32
		{B03FBDF1-2518-444A-B1BD-BF60336393EC}.Release_MD|x64.ActiveCfg = Release_MD|x64
		{B03FBDF1-2518-444A-B1BD-BF60336393EC}.Release_MD|x64.Build.0 = Release_MD|x64
		{B03FBDF1-2518-444A-B1BD-BF60336393EC}.Release|Win32.ActiveCfg = Release|Win32
		{B03FBDF1-2518-444A-B1BD-BF60336393EC}.Release|Win32.Build.0 = Release|Win32
		{B03FBDF1-2518-444A-B1BD-BF60336393EC}.Release|x64.ActiveCfg = Release|x64
		{B03FBDF1-2518-444A-B1BD-BF60336393EC}.Release|x64.Build.0 = Release|x64
		{45206ACC-71FA-4B87-943A-79420F1194C0}.Debug_MD|Win32.ActiveCfg = Debug_MD|Win32
		{45206ACC-71FA-4B87-943A-79420F1194C0}.Debug_MD|Win32.Build.0 = Debug_MD|Win32
		{45206ACC-71FA-4B87-943A-79420F1194C0}.Debug_MD|x64.ActiveCfg = Debug_MD|x64
		{45206ACC-71FA-4B87-943A-79420F1194C0}.Debug_MD|x64.Build.0 = Debug_MD|x64
		{45206ACC-71FA-4B87-943A-79420F1194C0}.Debug|Win32.ActiveCfg = Debug|Win32
		{45206ACC-71FA-4B87-943A-79420F1194C0}.Debug|Win32.Build.0 = Debug|Win32
		{45206ACC-71FA-4B87-943A-79420F1194C0}.Debug|x64.ActiveCfg = Debug|x64
		{45206ACC-71FA-4B87-943A-79420F1194C0}.Debug|x64.Build.0 = Debug|x64
		{45206ACC-71FA-4B87-943A-79420F1194C0}.Release_MD|Win32.ActiveCfg = Release_MD|Win32
		{45206ACC-71FA-4B87-943A-79420F1194C0}.Release_MD|Win32.Build.0 = Release_MD|Win32
		{45206ACC-71FA-4B87-943A-79420F1194C0}.Release_MD|x64.ActiveCfg = Release_MD|x64
		{45206ACC-71FA-4B87-943A-79420F1194C0}.Release_MD|x64.Build.0 = Release_MD|x64
		{45206ACC-71FA-4B87-943A-79420F1194C0}.Release|Win32.ActiveCfg = Release|Win32
		{45206ACC-71FA-4B87-943A-79420F1194C0}.Release|Win32.Build.0 = Release|Win32
		{45206ACC-71FA-4B87-943A-79420F1194C0}.Release|x64.ActiveCfg = Release|x64
		{45206ACC-71FA-4B87-943A-79420F1194C0}.Release|x64.Build.0 = Release|x64
		{313D2435-9D4D-44A0-A205-8BA86E9D7E3A}.Debug_MD|Win32.ActiveCfg = Debug_MD|Win32
		{313D2435-9D4D-44A0-A205-8BA86E9D7E3A}.Debug_MD|Win32.Build.0 = Debug_MD|Win32
		{313D2435-9D4D-44A0-A205-8BA86E9D7E3A}.Debug_MD|x64.ActiveCfg = Debug_MD|x64
		{313D2435-9D4D-44A0-A205-8BA86E9D7E3A}.Debug_MD|x64.Build.0 = Debug_MD|x64
		{313D2435-9D4D-44A0-A205-8BA86E9D7E3A}.Debug|Win32.ActiveCfg = Debug|Win32
		{313D2435-9D4D-44A0-A205-8BA86E9D7E3A}.Debug|Win32.Build.0 = Debug|Win32
		{313D2435-9D4D-44A0-A205-8BA86E9D7E3A}.Debug|x64.ActiveCfg = Debug|x64
		{313D2435-9D4D-44A0-A205-8BA86E9D7E3A}.Debug|x64.Build.0 = Debug|x64
		{313D2435-9D4D-44A0-A205-8BA86E9D7E3A}.Release_MD|Win32.ActiveCfg = Release_MD|Win32
		{313D2435-9D4D-44A0-A205-8BA86E9D7E3A}.Release_MD|Win32.Build.0 = Release_MD|Win32
		{313D2435-9D4D-44A0-A205-8BA86E9D7E3A}.Release_MD|x64.ActiveCfg = Release_MD|x64
		{313D2435-9D4D-44A0-A205-8BA86E9D7E3A}.Release_MD|x64.Build.0 = Release_MD|x64
		{313D2435-9D4D-44A0-A205-8BA86E9D7E3A}.Release|Win32.ActiveCfg = Release|Win32
		{313D2435-9D4D-44A0-A205-8BA86E9D7E3A}.Release|Win32.Build.0 = Release|Win32
		{313D2435-9D4D-44A0-A205-8BA86E9D7E3A}.Release|x64.ActiveCfg = Release|x64
		{313D2435-9D4D-44A0-A205-8BA86E9D7E3A}.Release|x64.Build.0 = Release|x64
		{631200B6-C8F9-4069-A365-C1A43E420157}.Debug_MD|Win32.ActiveCfg = Debug_MD|Win32
		{631200B6-C8F9-4069-A365-C1A43E420157}.Debug_MD|Win32.Build.0 = Debug_MD|Win32
		{631200B6-C8F9-4069-A365-C1A43E420157}.Debug_MD|x64.ActiveCfg = Debug_MD|x64
		{631200B6-C8F9-4069-A365-C1A43E420157}.Debug_MD|x64.Build.0 = Debug_MD|x64
		{631200B6-C8F9-4069-A365-C1A43E420157}.Debug|Win32.ActiveCfg = Debug|Win32
		{631200B6-C8F9-4069-A365-C1A43E420157}.Debug|Win32.Build.0 = Debug|Win32
		{631200B6-C8F9-4069-A365-C1A43E420157}.Debug|x64.ActiveCfg = Debug|x64
		{631200B6-C8F9-4069-A365-C1A43E420157}.Debug|x64.Build.0 = Debug|x64
		{631200B6-C8F9-4069-A365-C1A43E420157}.Release_MD|Win32.ActiveCfg = Release_MD|Win32
		{631200B6-C8F9-4069-A365-C1A43E420157}.Release_MD|Win32.Build.0 = Release_MD|Win32
		{631200B6-C8F9-4069-A365-C1A43E420157}.Release_MD|x64.ActiveCfg = Release_MD|x64
		{631200B6-C8F9-4069-A365-C1A43E420157}.Release_MD|x64.Build.0 = Release_MD|x64
		{631200B6-C8F9-4069-A365-C1A43E420157}.Release|Win32.ActiveCfg = Release|Win32
		{631200B6-C8F9-4069-A365-C1A43E420157}.Release|Win32.Build.0 = Release|Win32
		{631200B6-C8F9-4069-A365-C1A43E420157}.Release|x64.ActiveCfg = Release|x64
		{631200B6-C8F9-4069-A365-C1A43E420157}.Release|x64.Build.0 = Release|x64
		{E6CBBEE1-7ADC-4C2C-BDC1-E79F3C03509C}.Debug_MD|Win32.ActiveCfg = Debug_MD|Win32
		{E6CBBEE1-7ADC-4C2C-BDC1-E79F3C03509C}.Debug_MD|Win32.Build.0 = Debug_MD|Win32
		{E6CBBEE1-7ADC-4C2C-BDC1-E79F3C03509C}.Debug_MD|x64.ActiveCfg = Debug_MD|x64
		{E6CBBEE1-7ADC-4C2C-BDC1-E79F3C03509C}.Debug_MD|x64.Build.0 = Debug_MD|x64
		{E6CBBEE1-7ADC-4C2C-BDC1-E79F3C03509C}.Debug|Win32.ActiveCfg = Debug|Win32
		{E6CBBEE1-7ADC-4C2C-BDC1-E79F3C03509C}.Debug|Win32.Build.0 = Debug|Win32
		{E6CBBEE1-7ADC-4C2C-BDC1-E79F3C03509C}.Debug|x64.ActiveCfg = Debug|x64
		{E6CBBEE1-7ADC-4C2C-BDC1-E79F3C03509C}.Debug|x64.Build.0 = Debug|x64
		{E6CBBEE1-7ADC-4C2C-BDC1-E79F3C03509C}.Release_MD|Win32.ActiveCfg = Release_MD|Win32
		{E6CBBEE1-7ADC-4C2C-BDC1-E79F3C03509C}.Release_MD|Win32.Build.0 = Release_MD|Win32
		{E6CBBEE1-7ADC-4C2C-BDC1-E79F3C03509C}.Release_MD|x64.ActiveCfg = Release_MD|x64
		{E6CBBEE1-7ADC-4C2C-BDC1-E79F3C03509C}.Release_MD|x64.Build.0 = Release_MD|x64
		{E6CBBEE1-7ADC-4C2C-BDC1-E79F3C03509C}.Release|Win32.ActiveCfg = Release|Win32
		{E6CBBEE1-7ADC-4C2C-BDC1-E79F3C03509C}.Release|Win32.Build.0 = Release|Win32
		{E6CBBEE1-7ADC-4C2C-BDC1-E79F3C03509C}.Release|x64.ActiveCfg = Release|x64
		{E6CBBEE1-7ADC-4C2C-BDC1-E79F3C03509C}.Release|x64.Build.0 = Release|x64
		{F1F85DF9-BD72-42F3-B11D-C5A29A252414}.Debug_MD|Win32.ActiveCfg = Debug_MD|Win32
		{F1F85DF9-BD72-42F3-B11D-C5A29A252414}.Debug_MD|Win32.Build.0 = Debug_MD|Win32
		{F1F85DF9-BD72-42F3-B11D-C5A29A252414}.Debug_MD|x64.ActiveCfg = Debug_MD|x64
		{F1F85DF9-BD72-42F3-B11D-C5A29A252414}.Debug_MD|x64.Build.0 = Debug_MD|x64
		{F1F85DF9-BD72-42F3-B11D-C5A29A252414}.Debug|Win32.ActiveCfg = Debug|Win32
		{F1F85DF9-BD72-42F3-B11D-C5A29A252414}.Debug|Win32.Build.0 = Debug|Win32
		{F1F85DF9-BD72-42F3-B11D-C5A29A252414}.Debug|x64.ActiveCfg = Debug|x64
		{F1F85DF9-BD72-42F3-B11D-C5A29A252414}.Debug|x64.Build.0 = Debug|x64
		{F1F85DF9-BD72-42F3-B11D-C5A29A252414}.Release_MD|Win32.ActiveCfg = Release_MD|Win32
		{F1F85DF9-BD72-42F3-B11D-C5A29A252414}.Release_MD|Win32.Build.0 = Release_MD|Win32
		{F1F85DF9-BD72-42F3-B11D-C5A29A252414}.Release_MD|x64.ActiveCfg = Release_MD|x64
		{F1F85DF9-BD72-42F3-B11D-C5A29A252414}.Release_MD|x64.Build.0 = Release_MD|x64
		{F1F85DF9-BD72-42F3-B11D-C5A29A252414}.Release|Win32.ActiveCfg = Release|Win32
		{F1F85DF9-BD72-42F3-B11D-C5A29A252414}.Release|Win32.Build.0 = Release|Win32
		{F1F85DF9-BD72-42F3-B11D-C5A29A252414}.Release|x64.ActiveCfg = Release|x64
		{F1F85DF9-BD72-42F3-B11D-C5A29A252414}.Release|x64.Build.0 = Release|x64
		{7A363E0B-9153-4BFF-88D8-E324966D5824}.Debug_MD|Win32.ActiveCfg = Debug_MD|Win32
		{7A363E0B-9153-4BFF-88D8-E324966D5824}.Debug_MD|Win32.Build.0 = Debug_MD|Win32
		{7A363E0B-9153-4BFF-88D8-E324966D5824}.Debug_MD|x64.ActiveCfg = Debug_MD|x64
		{7A363E0B-9153-4BFF-88D8-E324966D5824}.Debug_MD|x64.Build.0 = Debug_MD|x64
		{7A363E0B-9153-4BFF-88D8-E324966D5824}.Debug|Win32.ActiveCfg = Debug|Win32
		{7A363E0B-9153-4BFF-88D8-E324966D5824}.Debug|Win32.Build.0 = Debug|Win32
		{7A363E0B-9153-4BFF-88D8-E324966D5824}.Debug|x64.ActiveCfg = Debug|x64
		{7A363E0B-9153-4BFF-88D8-E324966D5824}.Debug|x64.Build.0 = Debug|x64
		{7A363E0B-9153-4BFF-88D8-E324966D5824}.Release_MD|Win32.ActiveCfg = Release_MD|Win32
		{7A363E0B-9153-4BFF-88D8-E324966D5824}.Release_MD|Win32.Build.0 = Release_MD|Win32
		{7A363E0B-9153-4BFF-88D8-E324966D5824}.Release_MD|x64.ActiveCfg = Release_MD|x64
		{7A363E0B-9153-4BFF-88D8-E324966D5824}.Release_MD|x64.Build.0 = Release_MD|x64
		{7A363E0B-9153-4BFF-88D8-E324966D5824}.Release|Win32.ActiveCfg = Release|Win32
		{7A363E0B-9153-4BFF-88D8-E324966D5824}.Release|Win32.Build.0 = Release|Win32
		{7A363E0B-9153-4BFF-88D8-E324966D5824}.Release|x64.ActiveCfg = Release|x64
		{7A363E0B-9153-4BFF-88D8-E324966D5824}.Release|x64.Build.0 = Release|x64
		{6B59AE3F-DE64-485C-990F-041349971B0F}.Debug_MD|Win32.ActiveCfg = Debug_MD|Win32
		{6B59AE3F-DE64-485C-990F-041349971B0F}.Debug_MD|Win32.Build.0 = Debug_MD|Win32
		{6B59AE3F-DE64-485C-990F-041349971B0F}.Debug_MD|x64.ActiveCfg = Debug_MD|x64
		{6B59AE3F-DE64-485C-990F-041349971B0F}.Debug_MD|x64.Build.0 = Debug_MD|x64
		{6B59AE3F-DE64-485C-990F-041349971B0F}.Debug|Win32.ActiveCfg = Debug_MD|Win32
		{6B59AE3F-DE64-485C-990F-041349971B0F}.Debug|Win32.Build.0 = Debug_MD|Win32
		{6B59AE3F-DE64-485C-990F-041349971B0F}.Debug|x64.ActiveCfg = Debug_MD|x64
		{6B59AE3F-DE64-485C-990F-041349971B0F}.Debug|x64.Build.0 = Debug_MD|x64
		{6B59AE3F-DE64-485C-990F-041349971B0F}.Release_MD|Win32.ActiveCfg = Release_MD|Win32
		{6B59AE3F-DE64-485C-990F-041349971B0F}.Release_MD|Win32.Build.0 = Release_MD|Win32
		{6B59AE3F-DE64-485C-990F-041349971B0F}.Release_MD|x64.ActiveCfg = Release_MD|x64
		{6B59AE3F-DE64-485C-990F-041349971B0F}.Release_MD|x64.Build.0 = Release_MD|x64
		{6B59AE3F-DE64-485C-990F-041349971B0F}.Release|Win32.ActiveCfg = Release_MD|Win32
		{6B59AE3F-DE64-485C-990F-041349971B0F}.Release|Win32.Build.0 = Release_MD|Win32
		{6B59AE3F-DE64-485C-990F-041349971B0F}.Release|x64.ActiveCfg = Release_MD|x64
		{6B59AE3F-DE64-485C-990F-041349971B0F}.Release|x64.Build.0 = Release_MD|x64
		{6DFF37E8-F886-4E97-A672-2085F2A548E3}.Debug_MD|Win32.ActiveCfg = Debug_MD|Win32
		{6DFF37E8-F886-4E97-A672-2085F2A548E3}.Debug_MD|Win32.Build.0 = Debug_MD|Win32
		{6DFF37E8-F886-4E97-A672-2085F2A548E3}.Debug_MD|x64.ActiveCfg = Debug_MD|x64
		{6DFF37E8-F886-4E97-A672-2085F2A548E3}.Debug_MD|x64.Build.0 = Debug_MD|x64
		{6DFF37E8-F886-4E97-A672-2085F2A548E3}.Debug|Win32.ActiveCfg = Debug_MD|Win32
		{6DFF37E8-F886-4E97-A672-2085F2A548E3}.Debug|Win32.Build.0 = Debug_MD|Win32
		{6DFF37E8-F886-4E97-A672-2085F2A548E3}.Debug|x64.ActiveCfg = Debug_MD|x64
		{6DFF37E8-F886-4E97-A672-2085F2A548E3}.Debug|x64.Build.0 = Debug_MD|x64
		{6DFF37E8-F886-4E97-A672-2085F2A548E3}.Release_MD|Win32.ActiveCfg = Release_MD|Win32
		{6DFF37E8-F886-4E97-A672-2085F2A548E3}.Release_MD|Win32.Build.0 = Release_MD|Win32
		{6DFF37E8-F886-4E97-A672-2085F2A548E3}.Release_MD|x64.ActiveCfg = Release_MD|x64
		{6DFF37E8-F886-4E97-A672-2085F2A548E3}.Release_MD|x64.Build.0 = Release_MD|x64
		{6DFF37E8-F886-4E97-A672-2085F2A548E3}.Release|Win32.ActiveCfg = Release_MD|Win32
		{6DFF37E8-F886-4E97-A672-2085F2A548E3}.Release|Win32.Build.0 = Release_MD|Win32
		{6DFF37E8-F886-4E97-A672-2085F2A548E3}.Release|x64.ActiveCfg = Release_MD|x64
		{6DFF37E8-F886-4E97-A672-2085F2A548E3}.Release|x64.Build.0 = Release_MD|x64
		{04B67AED-3877-3F7D-9FDE-B609FDA38419}.Debug_MD|Win32.ActiveCfg = Debug_MD|Win32
		{04B67AED-3877-3F7D-9FDE-B609FDA38419}.Debug_MD|Win32.Build.0 = Debug_MD|Win32
		{04B67AED-3877-3F7D-9FDE-B609FDA38419}.Debug_MD|x64.ActiveCfg = Debug_MD|x64
		{04B67AED-3877-3F7D-9FDE-B609FDA38419}.Debug_MD|x64.Build.0 = Debug_MD|x64
		{04B67AED-3877-3F7D-9FDE-B609FDA38419}.Debug|Win32.ActiveCfg = Debug_MD|Win32
		{04B67AED-3877-3F7D-9FDE-B609FDA38419}.Debug|Win32.Build.0 = Debug_MD|Win32
		{04B67AED-3877-3F7D-9FDE-B609FDA38419}.Debug|x64.ActiveCfg = Debug_MD|x64
		{04B67AED-3877-3F7D-9FDE-B609FDA38419}.Debug|x64.Build.0 = Debug_MD|x64
		{04B67AED-3877-3F7D-9FDE-B609FDA38419}.Release_MD|Win32.ActiveCfg = Release_MD|Win32
		{04B67AED-3877-3F7D-9FDE-B609FDA38419}.Release_MD|Win32.Build.0 = Release_MD|Win32
		{04B67AED-3877-3F7D-9FDE-B609FDA38419}.Release_MD|x64.ActiveCfg = Release_MD|x64
		{04B67AED-3877-3F7D-9FDE-B609FDA38419}.Release_MD|x64.Build.0 = Release_MD|x64
		{04B67AED-3877-3F7D-9FDE-B609FDA38419}.Release|Win32.ActiveCfg = Release_MD|Win32
		{04B67AED-3877-3F7D-9FDE-B609FDA38419}.Release|Win32.Build.0 = Release_MD|Win32
		{04B67AED-3877-3F7D-9FDE-B609FDA38419}.Release|x64.ActiveCfg = Release_MD|x64
		{04B67AED-3877-3F7D-9FDE-B609FDA38419}.Release|x64.Build.0 = Release_MD|x64
		{CD31122A-5A5E-4A18-93EA-418F4F963F4E}.Debug_MD|Win32.ActiveCfg = Debug_MD|Win32
		{CD31122A-5A5E-4A18-93EA-418F4F963F4E}.Debug_MD|Win32.Build.0 = Debug_MD|Win32
		{CD31122A-5A5E-4A18-93EA-418F4F963F4E}.Debug_MD|x64.ActiveCfg = Debug_MD|x64
		{CD31122A-5A5E-4A18-93EA-418F4F963F4E}.Debug_MD|x64.Build.0 = Debug_MD|x64
		{CD31122A-5A5E-4A18-93EA-418F4F963F4E}.Debug|Win32.ActiveCfg = Debug_MD|Win32
		{CD31122A-5A5E-4A18-93EA-418F4F963F4E}.Debug|Win32.Build.0 = Debug_MD|Win32
		{CD31122A-5A5E-4A18-93EA-418F4F963F4E}.Debug|x64.ActiveCfg = Debug_MD|x64
		{CD31122A-5A5E-4A18-93EA-418F4F963F4E}.Debug|x64.Build.0 = Debug_MD|x64
		{CD31122A-5A5E-4A18-93EA-418F4F963F4E}.Release_MD|Win32.ActiveCfg = Release_MD|Win32
		{CD31122A-5A5E-4A18-93EA-418F4F963F4E}.Release_MD|Win32.Build.0 = Release_MD|Win32
		{CD31122A-5A5E-4A18-93EA-418F4F963F4E}.Release_MD|x64.ActiveCfg = Release_MD|x64
		{CD31122A-5A5E-4A18-93EA-418F4F963F4E}.Release_MD|x64.Build.0 = Release_MD|x64
		{CD31122A-5A5E-4A18-93EA-418F4F963F4E}.Release|Win32.ActiveCfg = Release_MD|Win32
		{CD31122A-5A5E-4A18-93EA-418F4F963F4E}.Release|Win32.Build.0 = Release_MD|Win32
		{CD31122A-5A5E-4A18-93EA-418F4F963F4E}.Release|x64.ActiveCfg = Release_MD|x64
		{CD31122A-5A5E-4A18-93EA-418F4F963F4E}.Release|x64.Build.0 = Release_MD|x64
		{DB46606A-4605-4642-900C-6C438A588F3E}.Debug_MD|Win32.ActiveCfg = Debug_MD|Win32
		{DB46606A-4605-4642-900C-6C438A588F3E}.Debug_MD|Win32.Build.0 = Debug_MD|Win32
		{DB46606A-4605-4642-900C-6C438A588F3E}.Debug_MD|x64.ActiveCfg = Debug_MD|x64
		{DB46606A-4605-4642-900C-6C438A588F3E}.Debug_MD|x64.Build.0 = Debug_MD|x64
		{DB46606A-4605-4642-900C-6C438A588F3E}.Debug|Win32.ActiveCfg = Debug_MD|Win32
		{DB46606A-4605-4642-900C-6C438A588F3E}.Debug|Win32.Build.0 = Debug_MD|Win32
		{DB46606A-4605-4642-900C-6C438A588F3E}.Debug|x64.ActiveCfg = Debug_MD|x64
		{DB46606A-4605-4642-900C-6C438A588F3E}.Debug|x64.Build.0 = Debug_MD|x64
		{DB46606A-4605-4642-900C-6C438A588F3E}.Release_MD|Win32.ActiveCfg = Release_MD|Win32
		{DB46606A-4605-4642-900C-6C438A588F3E}.Release_MD|Win32.Build.0 = Release_MD|Win32
		{DB46606A-4605-4642-900C-6C438A588F3E}.Release_MD|x64.ActiveCfg = Release_MD|x64
		{DB46606A-4605-4642-900C-6C438A588F3E}.Release_MD|x64.Build.0 = Release_MD|x64
		{DB46606A-4605-4642-900C-6C438A588F3E}.Release|Win32.ActiveCfg = Release_MD|Win32
		{DB46606A-4605-4642-900C-6C438A588F3E}.Release|Win32.Build.0 = Release_MD|Win32
		{DB46606A-4605-4642-900C-6C438A588F3E}.Release|x64.ActiveCfg = Release_MD|x64
		{DB46606A-4605-4642-900C-6C438A588F3E}.Release|x64.Build.0 = Release_MD|x64
		{B57F9EE8-1325-43B6-909F-9168D40BD203}.Debug_MD|Win32.ActiveCfg = Debug_MD|Win32
		{B57F9EE8-1325-43B6-909F-9168D40BD203}.Debug_MD|Win32.Build.0 = Debug_MD|Win32
		{B57F9EE8-1325-43B6-909F-9168D40BD203}.Debug_MD|x64.ActiveCfg = Debug_MD|x64
		{B57F9EE8-1325-43B6-909F-9168D40BD203}.Debug_MD|x64.Build.0 = Debug_MD|x64
		{B57F9EE8-1325-43B6-909F-9168D40BD203}.Debug|Win32.ActiveCfg = Debug|Win32
		{B57F9EE8-1325-43B6-909F-9168D40BD203}.Debug|Win32.Build.0 = Debug|Win32
		{B57F9EE8-1325-43B6-909F-9168D40BD203}.Debug|x64.ActiveCfg = Debug|x64
		{B57F9EE8-1325-43B6-909F-9168D40BD203}.Debug|x64.Build.0 = Debug|x64
		{B57F9EE8-1325-43B6-909F-9168D40BD203}.Release_MD|Win32.ActiveCfg = Release_MD|Win32
		{B57F9EE8-1325-43B6-909F-9168D40BD203}.Release_MD|Win32.Build.0 = Release_MD|Win32
		{B57F9EE8-1325-43B6-909F-9168D40BD203}.Release_MD|x64.ActiveCfg = Release_MD|x64
		{B57F9EE8-1325-43B6-909F-9168D40BD203}.Release_MD|x64.Build.0 = Release_MD|x64
		{B57F9EE8-1325-43B6-909F-9168D40BD203}.Release|Win32.ActiveCfg = Release|Win32
		{B57F9EE8-1325-43B6-909F-9168D40BD203}.Release|Win32.Build.0 = Release|Win32
		{B57F9EE8-1325-43B6-909F-9168D40BD203}.Release|x64.ActiveCfg = Release|x64
		{B57F9EE8-1325-43B6-909F-9168D40BD203}.Release|x64.Build.0 = Release|x64
		{7C0BBA01-021D-4B42-9070-00FA9B635167}.Debug_MD|Win32.ActiveCfg = Debug_MD|Win32
		{7C0BBA01-021D-4B42-9070-00FA9B635167}.Debug_MD|Win32.Build.0 = Debug_MD|Win32
		{7C0BBA01-021D-4B42-9070-00FA9B635167}.Debug_MD|x64.ActiveCfg = Debug_MD|x64
		{7C0BBA01-021D-4B42-9070-00FA9B635167}.Debug_MD|x64.Build.0 = Debug_MD|x64
		{7C0BBA01-021D-4B42-9070-00FA9B635167}.Debug|Win32.ActiveCfg = Debug_MD|Win32
		{7C0BBA01-021D-4B42-9070-00FA9B635167}.Debug|Win32.Build.0 = Debug_MD|Win32
		{7C0BBA01-021D-4B42-9070-00FA9B635167}.Debug|x64.ActiveCfg = Debug_MD|x64
		{7C0BBA01-021D-4B42-9070-00FA9B635167}.Debug|x64.Build.0 = Debug_MD|x64
		{7C0BBA01-021D-4B42-9070-00FA9B635167}.Release_MD|Win32.ActiveCfg = Release_MD|Win32
		{7C0BBA01-021D-4B42-9070-00FA9B635167}.Release_MD|Win32.Build.0 = Release_MD|Win32
		{7C0BBA01-021D-4B42-9070-00FA9B635167}.Release_MD|x64.ActiveCfg = Release_MD|x64
		{7C0BBA01-021D-4B42-9070-00FA9B635167}.Release_MD|x64.Build.0 = Release_MD|x64
		{7C0BBA01-021D-4B42-9070-00FA9B635167}.Release|Win32.ActiveCfg = Release_MD|Win32
		{7C0BBA01-021D-4B42-9070-00FA9B635167}.Release|Win32.Build.0 = Release_MD|Win32
		{7C0BBA01-021D-4B42-9070-00FA9B635167}.Release|x64.ActiveCfg = Release_MD|x64
		{7C0BBA01-021D-4B42-9070-00FA9B635167}.Release|x64.Build.0 = Release_MD|x64
		{0C50E549-D9BE-4279-910F-038BFCDA094B}.Debug_MD|Win32.ActiveCfg = Debug_MD|Win32
		{0C50E549-D9BE-4279-910F-038BFCDA094B}.Debug_MD|Win32.Build.0 = Debug_MD|Win32
		{0C50E549-D9BE-4279-910F-038BFCDA094B}.Debug_MD|x64.ActiveCfg = Debug_MD|x64
		{0C50E549-D9BE-4279-910F-038BFCDA094B}.Debug_MD|x64.Build.0 = Debug_MD|x64
		{0C50E549-D9BE-4279-910F-038BFCDA094B}.Debug|Win32.ActiveCfg = Debug|Win32
		{0C50E549-D9BE-4279-910F-038BFCDA094B}.Debug|Win32.Build.0 = Debug|Win32
		{0C50E549-D9BE-4279-910F-038BFCDA094B}.Debug|x64.ActiveCfg = Debug|x64
		{0C50E549-D9BE-4279-910F-038BFCDA094B}.Debug|x64.Build.0 = Debug|x64
		{0C50E549-D9BE-4279-910F-038BFCDA094B}.Release_MD|Win32.ActiveCfg = Release_MD|Win32
		{0C50E549-D9BE-4279-910F-038BFCDA094B}.Release_MD|Win32.Build.0 = Release_MD|Win32
		{0C50E549-D9BE-4279-910F-038BFCDA094B}.Release_MD|x64.ActiveCfg = Release_MD|x64
		{0C50E549-D9BE-4279-910F-038BFCDA094B}.Release_MD|x64.Build.0 = Release_MD|x64
		{0C50E549-D9BE-4279-910F-038BFCDA094B}.Release|Win32.ActiveCfg = Release|Win32
		{0C50E549-D9BE-4279-910F-038BFCDA094B}.Release|Win32.Build.0 = Release|Win32
		{0C50E549-D9BE-4279-910F-038BFCDA094B}.Release|x64.ActiveCfg = Release|x64
		{0C50E549-D9BE-4279-910F-038BFCDA094B}.Release|x64.Build.0 = Release|x64
		{E5615E66-7E8F-46C2-8E26-CC8546915A27}.Debug_MD|Win32.ActiveCfg = Debug_MD|Win32
		{E5615E66-7E8F-46C2-8E26-CC8546915A27}.Debug_MD|Win32.Build.0 = Debug_MD|Win32
		{E5615E66-7E8F-46C2-8E26-CC8546915A27}.Debug_MD|x64.ActiveCfg = Debug_MD|x64
		{E5615E66-7E8F-46C2-8E26-CC8546915A27}.Debug_MD|x64.Build.0 = Debug_MD|x64
		{E5615E66-7E8F-46C2-8E26-CC8546915A27}.Debug|Win32.ActiveCfg = Debug|Win32
		{E5615E66-7E8F-46C2-8E26-CC8546915A27}.Debug|Win32.Build.0 = Debug|Win32
		{E5615E66-7E8F-46C2-8E26-CC8546915A27}.Debug|x64.ActiveCfg = Debug|x64
		{E5615E66-7E8F-46C2-8E26-CC8546915A27}.Debug|x64.Build.0 = Debug|x64
		{E5615E66-7E8F-46C2-8E26-CC8546915A27}.Release_MD|Win32.ActiveCfg = Release_MD|Win32
		{E5615E66-7E8F-46C2-8E26-CC8546915A27}.Release_MD|Win32.Build.0 = Release_MD|Win32
		{E5615E66-7E8F-46C2-8E26-CC8546915A27}.Release_MD|x64.ActiveCfg = Release_MD|x64
		{E5615E66-7E8F-46C2-8E26-CC8546915A27}.Release_MD|x64.Build.0 = Release_MD|x64
		{E5615E66-7E8F-46C2-8E26-CC8546915A27}.Release|Win32.ActiveCfg = Release|Win32
		{E5615E66-7E8F-46C2-8E26-CC8546915A27}.Release|Win32.Build.0 = Release|Win32
		{E5615E66-7E8F-46C2-8E26-CC8546915A27}.Release|x64.ActiveCfg = Release|x64
		{E5615E66-7E8F-46C2-8E26-CC8546915A27}.Release|x64.Build.0 = Release|x64
		{1565B9EC-358E-46FF-924D-7BD31D1798CF}.Debug_MD|Win32.ActiveCfg = Debug_MD|Win32
		{1565B9EC-358E-46FF-924D-7BD31D1798CF}.Debug_MD|Win32.Build.0 = Debug_MD|Win32
		{1565B9EC-358E-46FF-924D-7BD31D1798CF}.Debug_MD|x64.ActiveCfg = Debug_MD|x64
		{1565B9EC-358E-46FF-924D-7BD31D1798CF}.Debug_MD|x64.Build.0 = Debug_MD|x64
		{1565B9EC-358E-46FF-924D-7BD31D1798CF}.Debug|Win32.ActiveCfg = Debug|Win32
		{1565B9EC-358E-46FF-924D-7BD31D1798CF}.Debug|Win32.Build.0 = Debug|Win32
		{1565B9EC-358E-46FF-924D-7BD31D1798CF}.Debug|x64.ActiveCfg = Debug|x64
		{1565B9EC-358E-46FF-924D-7BD31D1798CF}.Debug|x64.Build.0 = Debug|x64
		{1565B9EC-358E-46FF-924D-7BD31D1798CF}.Release_MD|Win32.ActiveCfg = Release_MD|Win32
		{1565B9EC-358E-46FF-924D-7BD31D1798CF}.Release_MD|Win32.Build.0 = Release_MD|Win32
		{1565B9EC-358E-46FF-924D-7BD31D1798CF}.Release_MD|x64.ActiveCfg = Release_MD|x64
		{1565B9EC-358E-46FF-924D-7BD31D1798CF}.Release_MD|x64.Build.0 = Release_MD|x64
		{1565B9EC-358E-46FF-924D-7BD31D1798CF}.Release|Win32.ActiveCfg = Release|Win32
		{1565B9EC-358E-46FF-924D-7BD31D1798CF}.Release|Win32.Build.0 = Release|Win32
		{1565B9EC-358E-46FF-924D-7BD31D1798CF}.Release|x64.ActiveCfg = Release|x64
		{1565B9EC-358E-46FF-924D-7BD31D1798CF}.Release|x64.Build.0 = Release|x64
	EndGlobalSection
	GlobalSection(SolutionProperties) = preSolution
		HideSolutionNode = FALSE
	EndGlobalSection
	GlobalSection(NestedProjects) = preSolution
		{F9834E0C-3037-4AAB-B7A2-2E0265BC0211} = {799F5CDD-D17A-4649-880B-BE1601AF32CC}
		{0671333B-4D11-43EE-BBEE-9F96E54DACAE} = {799F5CDD-D17A-4649-880B-BE1601AF32CC}
		{E19A9BE7-2E54-4475-B484-03434E03A7DB} = {799F5CDD-D17A-4649-880B-BE1601AF32CC}
		{B9809E47-2BA9-44F4-A91D-29D2493509A2} = {799F5CDD-D17A-4649-880B-BE1601AF32CC}
		{411CD7F5-D04B-456A-8B30-631170C7445A} = {A7FAF26E-F238-46BA-B49E-89A2840240D2}
		{51581D29-8097-49A6-A692-0C16D56B5D9A} = {799F5CDD-D17A-4649-880B-BE1601AF32CC}
		{B03FBDF1-2518-444A-B1BD-BF60336393EC} = {799F5CDD-D17A-4649-880B-BE1601AF32CC}
		{799F5CDD-D17A-4649-880B-BE1601AF32CC} = {CAF6EE95-57C7-4F35-A4B3-F688A44C36B9}
		{A7FAF26E-F238-46BA-B49E-89A2840240D2} = {CAF6EE95-57C7-4F35-A4B3-F688A44C36B9}
		{1FD5D654-C4F5-43C3-BA13-F3F5C3A32811} = {CAF6EE95-57C7-4F35-A4B3-F688A44C36B9}
		{7BC1CF1C-2D76-418A-BEC5-D5C8C540FEE8} = {CAF6EE95-57C7-4F35-A4B3-F688A44C36B9}
		{45206ACC-71FA-4B87-943A-79420F1194C0} = {1FD5D654-C4F5-43C3-BA13-F3F5C3A32811}
		{313D2435-9D4D-44A0-A205-8BA86E9D7E3A} = {1FD5D654-C4F5-43C3-BA13-F3F5C3A32811}
		{631200B6-C8F9-4069-A365-C1A43E420157} = {1FD5D654-C4F5-43C3-BA13-F3F5C3A32811}
		{F1609A09-D250-4B6F-B10D-BA532832712A} = {CAF6EE95-57C7-4F35-A4B3-F688A44C36B9}
		{638B5A1F-1CD1-4862-8214-BD1E51ADDFD2} = {CAF6EE95-57C7-4F35-A4B3-F688A44C36B9}
		{E6CBBEE1-7ADC-4C2C-BDC1-E79F3C03509C} = {638B5A1F-1CD1-4862-8214-BD1E51ADDFD2}
		{13939D90-5EA0-42EC-9D05-EFEECD53AD14} = {CAF6EE95-57C7-4F35-A4B3-F688A44C36B9}
		{F1F85DF9-BD72-42F3-B11D-C5A29A252414} = {13939D90-5EA0-42EC-9D05-EFEECD53AD14}
		{7A363E0B-9153-4BFF-88D8-E324966D5824} = {13939D90-5EA0-42EC-9D05-EFEECD53AD14}
		{CD31122A-5A5E-4A18-93EA-418F4F963F4E} = {638B5A1F-1CD1-4862-8214-BD1E51ADDFD2}
		{DB46606A-4605-4642-900C-6C438A588F3E} = {638B5A1F-1CD1-4862-8214-BD1E51ADDFD2}
		{B57F9EE8-1325-43B6-909F-9168D40BD203} = {13939D90-5EA0-42EC-9D05-EFEECD53AD14}
		{0C50E549-D9BE-4279-910F-038BFCDA094B} = {F1609A09-D250-4B6F-B10D-BA532832712A}
		{E5615E66-7E8F-46C2-8E26-CC8546915A27} = {F1609A09-D250-4B6F-B10D-BA532832712A}
		{1565B9EC-358E-46FF-924D-7BD31D1798CF} = {F1609A09-D250-4B6F-B10D-BA532832712A}
	EndGlobalSection
	GlobalSection(ExtensibilityGlobals) = postSolution
		Qt5Version = V5.5
	EndGlobalSection
EndGlobal
