<?xml version="1.0" encoding="utf-8"?>
<Project ToolsVersion="4.0" xmlns="http://schemas.microsoft.com/developer/msbuild/2003">
  <ItemGroup>
    <Filter Include="Common">
      <UniqueIdentifier>{bc1c0ae0-9746-4b3d-b4fb-3b1f4461e721}</UniqueIdentifier>
    </Filter>
    <Filter Include="JML">
      <UniqueIdentifier>{f6570828-6077-4079-85ab-f141f1a833b7}</UniqueIdentifier>
    </Filter>
    <Filter Include="Source">
      <UniqueIdentifier>{a2332209-25ab-40cd-a3cd-6e2fafe86949}</UniqueIdentifier>
    </Filter>
  </ItemGroup>
  <ItemGroup>
    <ClInclude Include="../Applications/_Plugins/Common/PluginInterface.h">
      <Filter>Common</Filter>
    </ClInclude>
    <ClInclude Include="..\Applications\_Libs\CMP_Math\cmp_math_common.h">
      <Filter>Source</Filter>
    </ClInclude>
    <ClInclude Include="..\Applications\_Libs\CMP_Math\cmp_math_cpuid.h">
      <Filter>Source</Filter>
    </ClInclude>
    <ClInclude Include="..\Applications\_Libs\CMP_Math\TootlePCH.h">
      <Filter>Source</Filter>
    </ClInclude>
    <ClInclude Include="..\Applications\_Libs\CMP_Math\JML.h">
      <Filter>JML</Filter>
    </ClInclude>
    <ClInclude Include="..\Applications\_Libs\CMP_Math\JMLFuncs.h">
      <Filter>JML</Filter>
    </ClInclude>
    <ClInclude Include="..\Applications\_Libs\CMP_Math\JMLMatrix.h">
      <Filter>JML</Filter>
    </ClInclude>
    <ClInclude Include="..\Applications\_Libs\CMP_Math\JMLScalar.h">
      <Filter>JML</Filter>
    </ClInclude>
    <ClInclude Include="..\Applications\_Libs\CMP_Math\JMLSSEVec.h">
      <Filter>JML</Filter>
    </ClInclude>
    <ClInclude Include="..\Applications\_Libs\CMP_Math\JMLVec2.h">
      <Filter>JML</Filter>
    </ClInclude>
    <ClInclude Include="..\Applications\_Libs\CMP_Math\JMLVec3.h">
      <Filter>JML</Filter>
    </ClInclude>
    <ClInclude Include="..\Applications\_Libs\CMP_Math\JRTCommon.h">
      <Filter>JML</Filter>
    </ClInclude>
  </ItemGroup>
  <ItemGroup>
    <ClCompile Include="..\Applications\_Libs\CMP_Math\cmp_math_common.cpp">
      <Filter>Source</Filter>
    </ClCompile>
    <ClCompile Include="..\Applications\_Libs\CMP_Math\cmp_math_cpuid.cpp">
      <Filter>Source</Filter>
    </ClCompile>
    <ClCompile Include="..\Applications\_Libs\CMP_Math\kernel_math.cpp">
      <Filter>Source</Filter>
    </ClCompile>
    <ClCompile Include="..\Applications\_Libs\CMP_Math\JMLFuncs.cpp">
      <Filter>JML</Filter>
    </ClCompile>
  </ItemGroup>
</Project>