<?xml version="1.0" encoding="utf-8"?>
<Project ToolsVersion="4.0" xmlns="http://schemas.microsoft.com/developer/msbuild/2003">
  <ItemGroup>
    <Filter Include="Source Files">
      <UniqueIdentifier>{4FC737F1-C7A5-4376-A066-2A32D752A2FF}</UniqueIdentifier>
      <Extensions>cpp;c;cc;cxx;def;odl;idl;hpj;bat;asm;asmx</Extensions>
    </Filter>
    <Filter Include="Resource Files">
      <UniqueIdentifier>{67DA6AB6-F800-4c08-8B7A-83BB121AAD01}</UniqueIdentifier>
      <Extensions>rc;ico;cur;bmp;dlg;rc2;rct;bin;rgs;gif;jpg;jpeg;jpe;resx;tiff;tif;png;wav;mfcribbon-ms</Extensions>
    </Filter>
    <Filter Include="Doxygen">
      <UniqueIdentifier>{80bf3e3a-097f-4149-9298-243ca3ee7ec1}</UniqueIdentifier>
    </Filter>
    <Filter Include="Common">
      <UniqueIdentifier>{3cf1fbb7-6364-4b47-a108-154e5ed0c531}</UniqueIdentifier>
    </Filter>
    <Filter Include="gltf">
      <UniqueIdentifier>{c98fb0c6-5e55-499d-b16c-2a1f3bb567cd}</UniqueIdentifier>
    </Filter>
  </ItemGroup>
  <ItemGroup>
    <ClCompile Include="../../_Plugins/Common/ATIFormats.cpp">
      <Filter>Source Files</Filter>
    </ClCompile>
    <ClCompile Include="../../_Plugins/Common/cmdline.cpp">
      <Filter>Source Files</Filter>
    </ClCompile>
    <ClCompile Include="../../_Plugins/Common/MIPS.cpp">
      <Filter>Source Files</Filter>
    </ClCompile>
    <ClCompile Include="../../_Plugins/Common/PluginManager.cpp">
      <Filter>Source Files</Filter>
    </ClCompile>
    <ClCompile Include="../../_Plugins/Common/TextureIO.cpp">
      <Filter>Source Files</Filter>
    </ClCompile>
    <ClCompile Include="../Source/CompressonatorCLI.cpp">
      <Filter>Source Files</Filter>
    </ClCompile>
    <ClCompile Include="..\..\_Plugins\Common\gltf\tiny_gltf2_utils.cpp">
      <Filter>gltf</Filter>
    </ClCompile>
    <ClCompile Include="..\..\_Plugins\Common\ModelData.cpp">
      <Filter>Source Files</Filter>
    </ClCompile>
  </ItemGroup>
  <ItemGroup>
    <ClInclude Include="../Source/AMDCompressCLI_Documentation.h">
      <Filter>Doxygen</Filter>
    </ClInclude>
    <ClInclude Include="../../_Plugins/Common/ATIFormats.h">
      <Filter>Common</Filter>
    </ClInclude>
    <ClInclude Include="../../_Plugins/Common/cmdline.h">
      <Filter>Common</Filter>
    </ClInclude>
    <ClInclude Include="../../_Plugins/Common/MIPS.h">
      <Filter>Common</Filter>
    </ClInclude>
    <ClInclude Include="../../_Plugins/Common/PluginInterface.h">
      <Filter>Common</Filter>
    </ClInclude>
    <ClInclude Include="../../_Plugins/Common/PluginManager.h">
      <Filter>Common</Filter>
    </ClInclude>
    <ClInclude Include="../../_Plugins/Common/TextureIO.h">
      <Filter>Common</Filter>
    </ClInclude>
    <ClInclude Include="..\..\_Plugins\Common\gltf\tiny_gltf2.h">
      <Filter>gltf</Filter>
    </ClInclude>
    <ClInclude Include="..\..\_Plugins\Common\gltf\tiny_gltf2_utils.h">
      <Filter>gltf</Filter>
    </ClInclude>
    <ClInclude Include="..\..\_Plugins\Common\ModelData.h">
      <Filter>Common</Filter>
    </ClInclude>
  </ItemGroup>
  <ItemGroup>
    <None Include="../CopyFiles.bat">
      <Filter>Source Files</Filter>
    </None>
  </ItemGroup>
  <ItemGroup>
    <ResourceCompile Include="..\Resources\MainApp.rc">
      <Filter>Resource Files</Filter>
    </ResourceCompile>
  </ItemGroup>
</Project>